
Microsoft Visual Studio Solution File, Format Version 12.00
# Visual Studio Version 16
VisualStudioVersion = 16.0.30717.126
MinimumVisualStudioVersion = 10.0.40219.1
Project("{FAE04EC0-301F-11D3-BF4B-00C04F79EFBC}") = "CrestronHomeAssistantDriver", "CrestronHomeAssistantDriver\CrestronHomeAssistantDriver.csproj", "{06735526-7401-4E3F-80AD-94E6CA9EFB53}"
EndProject
Global
	GlobalSection(SolutionConfigurationPlatforms) = preSolution
		Debug|Any CPU = Debug|Any CPU
		Release|Any CPU = Release|Any CPU
	EndGlobalSection
	GlobalSection(ProjectConfigurationPlatforms) = postSolution
		{06735526-7401-4E3F-80AD-94E6CA9EFB53}.Debug|Any CPU.ActiveCfg = Debug|Any CPU
		{06735526-7401-4E3F-80AD-94E6CA9EFB53}.Debug|Any CPU.Build.0 = Debug|Any CPU
		{06735526-7401-4E3F-80AD-94E6CA9EFB53}.Release|Any CPU.ActiveCfg = Release|Any CPU
		{06735526-7401-4E3F-80AD-94E6CA9EFB53}.Release|Any CPU.Build.0 = Release|Any CPU
	EndGlobalSection
	GlobalSection(SolutionProperties) = preSolution
		HideSolutionNode = FALSE
	EndGlobalSection
	GlobalSection(ExtensibilityGlobals) = postSolution
		SolutionGuid = {CF23D11B-DFBD-4597-A9D6-6B5B208470CC}
	EndGlobalSection
EndGlobal
